
Microsoft Visual Studio Solution File, Format Version 12.00
# Visual Studio Version 17
VisualStudioVersion = 17.5.002.0
MinimumVisualStudioVersion = 10.0.40219.1
Project("{9A19103F-16F7-4668-BE54-9A1E7A4F7556}") = "AnimalShelter", "AnimalShelter\AnimalShelter.csproj", "{86551C9D-5F55-4829-A24C-17B76107CF62}"
EndProject
Global
	GlobalSection(SolutionConfigurationPlatforms) = preSolution
		Debug|Any CPU = Debug|Any CPU
		Release|Any CPU = Release|Any CPU
	EndGlobalSection
	GlobalSection(ProjectConfigurationPlatforms) = postSolution
		{86551C9D-5F55-4829-A24C-17B76107CF62}.Debug|Any CPU.ActiveCfg = Debug|Any CPU
		{86551C9D-5F55-4829-A24C-17B76107CF62}.Debug|Any CPU.Build.0 = Debug|Any CPU
		{86551C9D-5F55-4829-A24C-17B76107CF62}.Release|Any CPU.ActiveCfg = Release|Any CPU
		{86551C9D-5F55-4829-A24C-17B76107CF62}.Release|Any CPU.Build.0 = Release|Any CPU
	EndGlobalSection
	GlobalSection(SolutionProperties) = preSolution
		HideSolutionNode = FALSE
	EndGlobalSection
	GlobalSection(ExtensibilityGlobals) = postSolution
		SolutionGuid = {7E5DF6E0-0903-4C2C-AEE0-34B0DCEDE2A3}
	EndGlobalSection
EndGlobal
